<Solution>
  <Folder Name="/Solution Items/">
    <File Path="../README.md" />
    <File Path="Directory.Build.props" />
    <File Path="Directory.Packages.props" />
    <File Path="stylecop.json" />
    <File Path="StyleCop.ruleset" />
  </Folder>
  <Project Path="ConsoleApp/ConsoleApp.csproj" Id="ce47b736-60f7-4752-bb68-a65ec0cf6350" />
  <Project Path="Extensions.Caching.FileSystem/Extensions.Caching.FileSystem.csproj" />
  <Project Path="Extensions.Caching.FileSystem.Tests/Extensions.Caching.FileSystem.Tests.csproj" />
</Solution>
